<?xml version="1.0" encoding="utf-8"?>
<Project ToolsVersion="4.0" xmlns="http://schemas.microsoft.com/developer/msbuild/2003">
  <ItemGroup>
    <Filter Include="Source Files">
      <UniqueIdentifier>{4FC737F1-C7A5-4376-A066-2A32D752A2FF}</UniqueIdentifier>
      <Extensions>cpp;c;cc;cxx;c++;cppm;ixx;def;odl;idl;hpj;bat;asm;asmx</Extensions>
    </Filter>
    <Filter Include="Header Files">
      <UniqueIdentifier>{93995380-89BD-4b04-88EB-625FBE52EBFB}</UniqueIdentifier>
      <Extensions>h;hh;hpp;hxx;h++;hm;inl;inc;ipp;xsd</Extensions>
    </Filter>
    <Filter Include="Resource Files">
      <UniqueIdentifier>{67DA6AB6-F800-4c08-8B7A-83BB121AAD01}</UniqueIdentifier>
      <Extensions>rc;ico;cur;bmp;dlg;rc2;rct;bin;rgs;gif;jpg;jpeg;jpe;resx;tiff;tif;png;wav;mfcribbon-ms</Extensions>
    </Filter>
  </ItemGroup>
  <ItemGroup>
    <ClCompile Include="1. Basics\main.cpp">
      <Filter>Source Files</Filter>
    </ClCompile>
    <ClCompile Include="1. Basics\1. Variables.cpp">
      <Filter>Source Files</Filter>
    </ClCompile>
    <ClCompile Include="1. Basics\2. DataTypes.cpp">
      <Filter>Source Files</Filter>
    </ClCompile>
    <ClCompile Include="1. Basics\3. Functions.cpp">
      <Filter>Source Files</Filter>
    </ClCompile>
    <ClCompile Include="1. Basics\4. Conditions.cpp">
      <Filter>Source Files</Filter>
    </ClCompile>
    <ClCompile Include="1. Basics\5. Loops.cpp">
      <Filter>Source Files</Filter>
    </ClCompile>
    <ClCompile Include="1. Basics\6. Control-flow.cpp">
      <Filter>Source Files</Filter>
    </ClCompile>
    <ClCompile Include="2. Memory Control\main.cpp">
      <Filter>Source Files</Filter>
    </ClCompile>
    <ClCompile Include="3. Object Oriented Programming\main.cpp">
      <Filter>Source Files</Filter>
    </ClCompile>
    <ClCompile Include="2. Memory Control\1. Pointers.cpp">
      <Filter>Source Files</Filter>
    </ClCompile>
    <ClCompile Include="2. Memory Control\2. References.cpp">
      <Filter>Source Files</Filter>
    </ClCompile>
    <ClCompile Include="3. Object Oriented Programming\1. Classes.cpp">
      <Filter>Source Files</Filter>
    </ClCompile>
    <ClCompile Include="3. Object Oriented Programming\2. Class Methods.cpp">
      <Filter>Source Files</Filter>
    </ClCompile>
    <ClCompile Include="1. Basics\7. Structs.cpp">
      <Filter>Source Files</Filter>
    </ClCompile>
    <ClCompile Include="1. Basics\8. Static.cpp">
      <Filter>Source Files</Filter>
    </ClCompile>
    <ClCompile Include="3. Object Oriented Programming\3. Static.cpp">
      <Filter>Source Files</Filter>
    </ClCompile>
    <ClCompile Include="1. Basics\9. Enums.cpp">
      <Filter>Source Files</Filter>
    </ClCompile>
    <ClCompile Include="3. Object Oriented Programming\4. Constructors.cpp">
      <Filter>Source Files</Filter>
    </ClCompile>
    <ClCompile Include="3. Object Oriented Programming\5. Destructors.cpp">
      <Filter>Source Files</Filter>
    </ClCompile>
    <ClCompile Include="3. Object Oriented Programming\6. Single Inheritance.cpp">
      <Filter>Source Files</Filter>
    </ClCompile>
    <ClCompile Include="3. Object Oriented Programming\7. Multiple Inheritance.cpp">
      <Filter>Source Files</Filter>
    </ClCompile>
    <ClCompile Include="3. Object Oriented Programming\8. Multilevel Inheritance.cpp">
      <Filter>Source Files</Filter>
    </ClCompile>
    <ClCompile Include="3. Object Oriented Programming\9. Hierarchical Inheritance.cpp">
      <Filter>Source Files</Filter>
    </ClCompile>
    <ClCompile Include="3. Object Oriented Programming\10. Virtual Functions.cpp">
      <Filter>Source Files</Filter>
    </ClCompile>
  </ItemGroup>
  <ItemGroup>
    <ClInclude Include="1. Basics\BasicsHeader.h">
      <Filter>Header Files</Filter>
    </ClInclude>
    <ClInclude Include="2. Memory Control\MemoryHeader.h">
      <Filter>Header Files</Filter>
    </ClInclude>
    <ClInclude Include="3. Object Oriented Programming\OopHeader.h">
      <Filter>Header Files</Filter>
    </ClInclude>
  </ItemGroup>
</Project>